
Microsoft Visual Studio Solution File, Format Version 12.00
# Visual Studio Version 17
VisualStudioVersion = 17.10.35013.160
MinimumVisualStudioVersion = 10.0.40219.1
Project("{FAE04EC0-301F-11D3-BF4B-00C04F79EFBC}") = "Du_an_ca_nhan_1", "Du_an_ca_nhan_1\Du_an_ca_nhan_1.csproj", "{C248FCE5-23CD-4699-87B4-482F16EFF334}"
EndProject
Global
	GlobalSection(SolutionConfigurationPlatforms) = preSolution
		Debug|Any CPU = Debug|Any CPU
		Release|Any CPU = Release|Any CPU
	EndGlobalSection
	GlobalSection(ProjectConfigurationPlatforms) = postSolution
		{C248FCE5-23CD-4699-87B4-482F16EFF334}.Debug|Any CPU.ActiveCfg = Debug|Any CPU
		{C248FCE5-23CD-4699-87B4-482F16EFF334}.Debug|Any CPU.Build.0 = Debug|Any CPU
		{C248FCE5-23CD-4699-87B4-482F16EFF334}.Release|Any CPU.ActiveCfg = Release|Any CPU
		{C248FCE5-23CD-4699-87B4-482F16EFF334}.Release|Any CPU.Build.0 = Release|Any CPU
	EndGlobalSection
	GlobalSection(SolutionProperties) = preSolution
		HideSolutionNode = FALSE
	EndGlobalSection
	GlobalSection(ExtensibilityGlobals) = postSolution
		SolutionGuid = {6516871A-F9AE-4AAF-A744-E46739E74926}
	EndGlobalSection
EndGlobal
